{
  "name": "archinstall",
  "version": "1.0.77",
  "lockfileVersion": 1,
  "requires": true,
  "dependencies": {
    "bashlink": {
      "version": "1.0.89",
      "resolved": "https://registry.npmjs.org/bashlink/-/bashlink-1.0.89.tgz",
      "integrity": "sha512-WiBE5O8zb1n3SOohMa6mx+iZbYaPoN3S5dX8Ubj+Q5eQ6gxX1y3kpRk5B1QvrrYt8oQnGUejAc2JpGfxbk0WIg=="
    },
    "boostnode": {
      "version": "1.0.11",
      "resolved": "https://registry.npmjs.org/boostnode/-/boostnode-1.0.11.tgz",
      "integrity": "sha512-rNh8BBmwrEQ9qOTh/G7vN7ZRy11+tXbZjy/2lRx6ZjkzY4vXFKe0wlmSMmvTxq09amyXjq3+k5C6KJTyTDLeww==",
      "dev": true
    },
    "bootstrap": {
      "version": "3.3.7",
      "resolved": "https://registry.npmjs.org/bootstrap/-/bootstrap-3.3.7.tgz",
      "integrity": "sha1-WjiTlFSfIzMIdaOxUGVldPip63E=",
      "dev": true
    },
    "clientnode": {
      "version": "3.0.16",
      "resolved": "https://registry.npmjs.org/clientnode/-/clientnode-3.0.16.tgz",
      "integrity": "sha512-ZG6VldTVzV4xlTuNeZAq+imgJxDzi948vgPvj3DDA9RpnxK9Fmss6JfOOB+HgWyAVm105fTw5QT/6Ds2PlFI+A==",
      "dev": true
    },
    "documentation-website": {
      "version": "1.0.118",
      "resolved": "https://registry.npmjs.org/documentation-website/-/documentation-website-1.0.118.tgz",
      "integrity": "sha512-uQ2TtTNMwGcuZ1b7DSXqbhcAnkn8lXcx+7y51cTYWo+WYAsFS124VU9Y8xlwlowrMAcQhW2HW5d0vW6DLqU7+g==",
      "dev": true,
      "requires": {
        "boostnode": "1.0.11",
        "website-utilities": "1.0.98"
      }
    },
    "internationalisation": {
      "version": "1.0.72",
      "resolved": "https://registry.npmjs.org/internationalisation/-/internationalisation-1.0.72.tgz",
      "integrity": "sha512-UrPIs1MUdikwvTK5CrhEksi5ItLn676fmw3sR7IbufIzxOidSKpBVrFkJaCCvP1UIrhrzRoqk6vAJ8oamIeolQ==",
      "dev": true
    },
    "jquery": {
      "version": "3.3.1",
      "resolved": "https://registry.npmjs.org/jquery/-/jquery-3.3.1.tgz",
      "integrity": "sha512-Ubldcmxp5np52/ENotGxlLe6aGMvmF4R8S6tZjsP6Knsaxd/xp3Zrh50cG93lR6nPXyUFwzN3ZSOQI0wRJNdGg==",
      "dev": true
    },
    "jquery.scrollto": {
      "version": "2.1.2",
      "resolved": "https://registry.npmjs.org/jquery.scrollto/-/jquery.scrollto-2.1.2.tgz",
      "integrity": "sha1-51gNnHrEbvW7JTGUg/b0VxP9fGw=",
      "dev": true,
      "requires": {
        "jquery": "3.3.1"
      }
    },
    "shellcheck": {
      "version": "0.0.8",
      "resolved": "https://registry.npmjs.org/shellcheck/-/shellcheck-0.0.8.tgz",
      "integrity": "sha512-mzXAEqn+J2rk8F0BHbjD1e4mc7VvQPztIHLlhyTT7QL4HoMOxae8T60aYP0Iv6DQFsR1FUBQvxhPmY5VBx+jpw==",
      "dev": true
    },
    "spin.js": {
      "version": "3.1.0",
      "resolved": "https://registry.npmjs.org/spin.js/-/spin.js-3.1.0.tgz",
      "integrity": "sha512-FzuM8aiM8W1Ao/u3u5dQYwcArdKFKd5Zjz9zRaLLI5Y1AAVkbWg7OqMI1IZvpEAh1T59yTKZoFpDL9j9TNTuuA==",
      "dev": true
    },
    "website-utilities": {
      "version": "1.0.98",
      "resolved": "https://registry.npmjs.org/website-utilities/-/website-utilities-1.0.98.tgz",
      "integrity": "sha512-AkL8grFvRkYaH1GCyFbgqbTvPM5M8ptvJRH9JDkLY2bmPDZHLFbB4CEgpXj5GdXASepDo72wbOx/N6l2ZRuXgw==",
      "dev": true,
      "requires": {
        "bootstrap": "3.3.7",
        "clientnode": "3.0.16",
        "internationalisation": "1.0.72",
        "jquery": "3.3.1",
        "jquery.scrollto": "2.1.2",
        "spin.js": "3.1.0"
      }
    }
  }
}
