{
  "name": "archinstall",
  "version": "1.0.17",
  "lockfileVersion": 1,
  "requires": true,
  "dependencies": {
    "bashlink": {
      "version": "1.0.51",
      "resolved": "https://registry.npmjs.org/bashlink/-/bashlink-1.0.51.tgz",
      "integrity": "sha512-pipCyuARYLggtqeHIbDCMoXcwWBy3dvr9TilFA2dgy9Q+PlU8qCyUkRkcGcEPrdXf7lFgCDFxF8+mEuzS6+5lw=="
    },
    "boostnode": {
      "version": "1.0.10",
      "resolved": "https://registry.npmjs.org/boostnode/-/boostnode-1.0.10.tgz",
      "integrity": "sha512-C7X0Fhh3sToDRrLbhepRqm26DKjjak0U1SW99E4+1QL+4ca40SHqZ8ThJmZHcd2AvAF+x+BGF4PW3BxM9ONILA==",
      "dev": true
    },
    "bootstrap": {
      "version": "3.3.7",
      "resolved": "https://registry.npmjs.org/bootstrap/-/bootstrap-3.3.7.tgz",
      "integrity": "sha1-WjiTlFSfIzMIdaOxUGVldPip63E=",
      "dev": true
    },
    "clientnode": {
      "version": "1.0.349",
      "resolved": "https://registry.npmjs.org/clientnode/-/clientnode-1.0.349.tgz",
      "integrity": "sha512-CHfmxEVZsOhMNrD3rxXsufej1uTc4X/BBaH24sdre33lewPAzx1h9YtbVqBDJQolPQCeRCnsKvxIqfGHzaV6WA==",
      "dev": true
    },
    "documentation-website": {
      "version": "1.0.107",
      "resolved": "https://registry.npmjs.org/documentation-website/-/documentation-website-1.0.107.tgz",
      "integrity": "sha512-nCSJ2SDk6NWPyyob5gf2aG8wCVlm36qP4cvDP2VU/zZ892vO7utKt4JC6myXw2FScaj+VRKlNZUDQTjw7oGkeg==",
      "dev": true,
      "requires": {
        "boostnode": "1.0.10",
        "website-utilities": "1.0.86"
      }
    },
    "internationalisation": {
      "version": "1.0.61",
      "resolved": "https://registry.npmjs.org/internationalisation/-/internationalisation-1.0.61.tgz",
      "integrity": "sha512-SZso8NnRezFopZjgb3rxQCK79HHi5UIqPh7kWWKzjbOYek64ZqZkKHh8XdbgN+YWmz0OS7Hr2/yiQ+h3FTX0fg==",
      "dev": true
    },
    "jquery": {
      "version": "3.3.1",
      "resolved": "https://registry.npmjs.org/jquery/-/jquery-3.3.1.tgz",
      "integrity": "sha512-Ubldcmxp5np52/ENotGxlLe6aGMvmF4R8S6tZjsP6Knsaxd/xp3Zrh50cG93lR6nPXyUFwzN3ZSOQI0wRJNdGg==",
      "dev": true
    },
    "jquery.scrollto": {
      "version": "2.1.2",
      "resolved": "https://registry.npmjs.org/jquery.scrollto/-/jquery.scrollto-2.1.2.tgz",
      "integrity": "sha1-51gNnHrEbvW7JTGUg/b0VxP9fGw=",
      "dev": true,
      "requires": {
        "jquery": "3.3.1"
      }
    },
    "shellcheck": {
      "version": "0.0.8",
      "resolved": "https://registry.npmjs.org/shellcheck/-/shellcheck-0.0.8.tgz",
      "integrity": "sha512-mzXAEqn+J2rk8F0BHbjD1e4mc7VvQPztIHLlhyTT7QL4HoMOxae8T60aYP0Iv6DQFsR1FUBQvxhPmY5VBx+jpw==",
      "dev": true
    },
    "spin.js": {
      "version": "3.1.0",
      "resolved": "https://registry.npmjs.org/spin.js/-/spin.js-3.1.0.tgz",
      "integrity": "sha512-FzuM8aiM8W1Ao/u3u5dQYwcArdKFKd5Zjz9zRaLLI5Y1AAVkbWg7OqMI1IZvpEAh1T59yTKZoFpDL9j9TNTuuA==",
      "dev": true
    },
    "website-utilities": {
      "version": "1.0.86",
      "resolved": "https://registry.npmjs.org/website-utilities/-/website-utilities-1.0.86.tgz",
      "integrity": "sha512-/i/0O8/gyjdonaO2Liwoh1G/oOQrPXL/khx4cQx0Pi1SLlVcZMJtYgV/hmFAYRhy24705IjnIwFCGNGZk0dmtg==",
      "dev": true,
      "requires": {
        "bootstrap": "3.3.7",
        "clientnode": "1.0.349",
        "internationalisation": "1.0.61",
        "jquery": "3.3.1",
        "jquery.scrollto": "2.1.2",
        "spin.js": "3.1.0"
      }
    }
  }
}
