{
  "name": "archinstall",
  "version": "1.0.72",
  "lockfileVersion": 1,
  "requires": true,
  "dependencies": {
    "bashlink": {
      "version": "1.0.85",
      "resolved": "https://registry.npmjs.org/bashlink/-/bashlink-1.0.85.tgz",
      "integrity": "sha512-eQG5gV4nM6WKX19x7mDy0ezKqFpaJg7+sTqyO9UOyepAkyLWTDWtkpLo8PngEAe3T54xpoDJlxSLLUA7C7yDjw=="
    },
    "boostnode": {
      "version": "1.0.11",
      "resolved": "https://registry.npmjs.org/boostnode/-/boostnode-1.0.11.tgz",
      "integrity": "sha512-rNh8BBmwrEQ9qOTh/G7vN7ZRy11+tXbZjy/2lRx6ZjkzY4vXFKe0wlmSMmvTxq09amyXjq3+k5C6KJTyTDLeww==",
      "dev": true
    },
    "bootstrap": {
      "version": "3.3.7",
      "resolved": "https://registry.npmjs.org/bootstrap/-/bootstrap-3.3.7.tgz",
      "integrity": "sha1-WjiTlFSfIzMIdaOxUGVldPip63E=",
      "dev": true
    },
    "clientnode": {
      "version": "3.0.11",
      "resolved": "https://registry.npmjs.org/clientnode/-/clientnode-3.0.11.tgz",
      "integrity": "sha512-cREKAo2RAmR93WFrKi6M/jrq8huUYtXRq5Ese0LvNsZYto8nWs6AP8g25o9VeHsQ/gSK5Ks5yNiJlT0P0X1Ybw==",
      "dev": true
    },
    "documentation-website": {
      "version": "1.0.116",
      "resolved": "https://registry.npmjs.org/documentation-website/-/documentation-website-1.0.116.tgz",
      "integrity": "sha512-f1rSchAEmu3UiQQiC7v7ggQwJY75fsl2teFhsqSB70VBm5g8xYVpjm15nPoE0aQronV+Icp/VtNXD8kgRInVOA==",
      "dev": true,
      "requires": {
        "boostnode": "1.0.11",
        "website-utilities": "1.0.96"
      }
    },
    "internationalisation": {
      "version": "1.0.68",
      "resolved": "https://registry.npmjs.org/internationalisation/-/internationalisation-1.0.68.tgz",
      "integrity": "sha512-iKoeHNxCSrw0/xlpJ0lF7P4CsjYk6JiB9KM4XXCY7abEyxCNMaJBdJl9vUAGu9erb3LYxTCGUmKlFWJpsYiJAA==",
      "dev": true
    },
    "jquery": {
      "version": "3.3.1",
      "resolved": "https://registry.npmjs.org/jquery/-/jquery-3.3.1.tgz",
      "integrity": "sha512-Ubldcmxp5np52/ENotGxlLe6aGMvmF4R8S6tZjsP6Knsaxd/xp3Zrh50cG93lR6nPXyUFwzN3ZSOQI0wRJNdGg==",
      "dev": true
    },
    "jquery.scrollto": {
      "version": "2.1.2",
      "resolved": "https://registry.npmjs.org/jquery.scrollto/-/jquery.scrollto-2.1.2.tgz",
      "integrity": "sha1-51gNnHrEbvW7JTGUg/b0VxP9fGw=",
      "dev": true,
      "requires": {
        "jquery": "3.3.1"
      }
    },
    "shellcheck": {
      "version": "0.0.8",
      "resolved": "https://registry.npmjs.org/shellcheck/-/shellcheck-0.0.8.tgz",
      "integrity": "sha512-mzXAEqn+J2rk8F0BHbjD1e4mc7VvQPztIHLlhyTT7QL4HoMOxae8T60aYP0Iv6DQFsR1FUBQvxhPmY5VBx+jpw==",
      "dev": true
    },
    "spin.js": {
      "version": "3.1.0",
      "resolved": "https://registry.npmjs.org/spin.js/-/spin.js-3.1.0.tgz",
      "integrity": "sha512-FzuM8aiM8W1Ao/u3u5dQYwcArdKFKd5Zjz9zRaLLI5Y1AAVkbWg7OqMI1IZvpEAh1T59yTKZoFpDL9j9TNTuuA==",
      "dev": true
    },
    "website-utilities": {
      "version": "1.0.96",
      "resolved": "https://registry.npmjs.org/website-utilities/-/website-utilities-1.0.96.tgz",
      "integrity": "sha512-0uQmcOAjNgbAfkAdKtvj1D2H3G1hkuclYsM1ZEAfHL9wcfEJnO3sMrJr7Aahycv/eKTsmgcZf80ZSexqQUxgdg==",
      "dev": true,
      "requires": {
        "bootstrap": "3.3.7",
        "clientnode": "3.0.11",
        "internationalisation": "1.0.68",
        "jquery": "3.3.1",
        "jquery.scrollto": "2.1.2",
        "spin.js": "3.1.0"
      }
    }
  }
}
