# THIS IS AN AUTOGENERATED FILE. DO NOT EDIT THIS FILE DIRECTLY.
# yarn lockfile v1


bashlink@*:
  version "1.0.153"
  resolved "https://registry.yarnpkg.com/bashlink/-/bashlink-1.0.153.tgz#615d4902a107fba2527347c6ae3f2b6f8286f71d"

boostnode@*:
  version "1.0.15"
  resolved "https://registry.yarnpkg.com/boostnode/-/boostnode-1.0.15.tgz#01f8c3ec1cfd224b17a78b6d7aba35fdf2f4e29f"

bootstrap@^3.3.7:
  version "3.3.7"
  resolved "http://registry.npmjs.org/bootstrap/-/bootstrap-3.3.7.tgz#5a389394549f23330875a3b150656574f8a9eb71"

clientnode@*:
  version "3.0.136"
  resolved "https://registry.yarnpkg.com/clientnode/-/clientnode-3.0.136.tgz#a7c2eee1afb22e416a4ffa4a0905e5ca3d2c23bf"
  dependencies:
    colors "*"

colors@*:
  version "1.3.2"
  resolved "https://registry.yarnpkg.com/colors/-/colors-1.3.2.tgz#2df8ff573dfbf255af562f8ce7181d6b971a359b"

documentation-website@*:
  version "1.0.165"
  resolved "https://registry.yarnpkg.com/documentation-website/-/documentation-website-1.0.165.tgz#212545b793a4e70663c24292acc9121ca114d57c"
  dependencies:
    boostnode "*"
    bootstrap "^3.3.7"
    website-utilities "*"

internationalisation@*:
  version "1.0.127"
  resolved "https://registry.yarnpkg.com/internationalisation/-/internationalisation-1.0.127.tgz#00509d57a89ffde090012f7defa1d48e2b0c629b"

jquery.scrollto@*:
  version "2.1.2"
  resolved "https://registry.yarnpkg.com/jquery.scrollto/-/jquery.scrollto-2.1.2.tgz#e7580d9c7ac46ef5bb25319483f6f45713fd7c6c"
  dependencies:
    jquery ">=1.8"

jquery@*, jquery@>=1.8:
  version "3.3.1"
  resolved "https://registry.yarnpkg.com/jquery/-/jquery-3.3.1.tgz#958ce29e81c9790f31be7792df5d4d95fc57fbca"

shellcheck@*:
  version "0.0.8"
  resolved "https://registry.yarnpkg.com/shellcheck/-/shellcheck-0.0.8.tgz#796cf6b2d2e80de88df7b73809def485e7fa7a9d"

spin.js@*:
  version "4.0.0"
  resolved "https://registry.yarnpkg.com/spin.js/-/spin.js-4.0.0.tgz#d6643232cc20b8d2c1b3ab6f0661178145b4dde8"

website-utilities@*:
  version "1.0.147"
  resolved "https://registry.yarnpkg.com/website-utilities/-/website-utilities-1.0.147.tgz#5a48e9b13e5c220c53b8a054ab3df90ac4992572"
  dependencies:
    clientnode "*"
    internationalisation "*"
    jquery "*"
    jquery.scrollto "*"
    spin.js "*"
