# THIS IS AN AUTOGENERATED FILE. DO NOT EDIT THIS FILE DIRECTLY.
# yarn lockfile v1


bashlink@*:
  version "1.0.200"
  resolved "https://registry.yarnpkg.com/bashlink/-/bashlink-1.0.200.tgz#10a38ea08245e6411b5346a0838b85f10b9b0005"
  integrity sha512-PAQwZLty8d5oxUY4RVUfrK2yHLy9HObfOmXI6pT2zGSa/sFZDH9uZN8rGv8W1vA6i4gBmdOCA+RlRkFU2EXMfg==

boostnode@*:
  version "1.0.15"
  resolved "https://registry.yarnpkg.com/boostnode/-/boostnode-1.0.15.tgz#01f8c3ec1cfd224b17a78b6d7aba35fdf2f4e29f"
  integrity sha512-dgrn6kdsN6NLq7KvmzPLYJOR7x3Tw0z3U+EwPv/JBmm7poFzs2FgEwzgbZKigAyDFxinri6cd4P2Z5nlKKv3xw==

bootstrap@^3.3.7:
  version "3.4.1"
  resolved "https://registry.yarnpkg.com/bootstrap/-/bootstrap-3.4.1.tgz#c3a347d419e289ad11f4033e3c4132b87c081d72"
  integrity sha512-yN5oZVmRCwe5aKwzRj6736nSmKDX7pLYwsXiCj/EYmo16hODaBiT4En5btW/jhBF/seV+XMx3aYwukYC3A49DA==

clientnode@*:
  version "3.0.233"
  resolved "https://registry.yarnpkg.com/clientnode/-/clientnode-3.0.233.tgz#fae8a6c071a53c451c08cc2d4294b920dee2f381"
  integrity sha512-+JRjeKAe3+MSBgIuWjDUI6S6zc6wng+IWxjuVGPjSWIbUKTw2cK2/I+FWDY0zjWzDUO3tZDLYiD1Zu47p693xQ==
  dependencies:
    colors "*"

colors@*:
  version "1.3.3"
  resolved "https://registry.yarnpkg.com/colors/-/colors-1.3.3.tgz#39e005d546afe01e01f9c4ca8fa50f686a01205d"
  integrity sha512-mmGt/1pZqYRjMxB1axhTo16/snVZ5krrKkcmMeVKxzECMMXoCgnvTPp10QgHfcbQZw8Dq2jMNG6je4JlWU0gWg==

documentation-website@*:
  version "1.0.213"
  resolved "https://registry.yarnpkg.com/documentation-website/-/documentation-website-1.0.213.tgz#58dff2b27c86181c548bf20702a02b93afddd81c"
  integrity sha512-/kpwdeRIMxBno5WOQhh9cLSoz2vKNyKdkpZjlFSyfm7eOAGj3niHQihHmWrnJ8W/vBD66ncpP8FMHheU27s2og==
  dependencies:
    boostnode "*"
    bootstrap "^3.3.7"
    website-utilities "*"

internationalisation@*:
  version "1.0.174"
  resolved "https://registry.yarnpkg.com/internationalisation/-/internationalisation-1.0.174.tgz#f9271cdbfa3af9e6e2cfa11b8b28ec917b141396"
  integrity sha512-T1dz1OhBTEJ5Q3W7PJYpjbStxrKGdbmwKj0f37CPx54nByRhkavtbkjLHR6oDtG4K+LEi1/3ctXey+k4cjZhLg==

jquery.scrollto@*:
  version "2.1.2"
  resolved "https://registry.yarnpkg.com/jquery.scrollto/-/jquery.scrollto-2.1.2.tgz#e7580d9c7ac46ef5bb25319483f6f45713fd7c6c"
  integrity sha1-51gNnHrEbvW7JTGUg/b0VxP9fGw=
  dependencies:
    jquery ">=1.8"

jquery@*, jquery@>=1.8:
  version "3.3.1"
  resolved "https://registry.yarnpkg.com/jquery/-/jquery-3.3.1.tgz#958ce29e81c9790f31be7792df5d4d95fc57fbca"
  integrity sha512-Ubldcmxp5np52/ENotGxlLe6aGMvmF4R8S6tZjsP6Knsaxd/xp3Zrh50cG93lR6nPXyUFwzN3ZSOQI0wRJNdGg==

shellcheck@*:
  version "0.2.3"
  resolved "https://registry.yarnpkg.com/shellcheck/-/shellcheck-0.2.3.tgz#a599205fcdf9cfafc1b17f32c9804772d8893687"
  integrity sha512-MuKlNkBe4IK67VLpKuS3c1FoRVJwGziYfn/ZP2EPFLymwaulbMqGkY1a0R/1b9dcUaR5ZMJoT7u7O4L78PPVVg==

spin.js@*:
  version "4.0.0"
  resolved "https://registry.yarnpkg.com/spin.js/-/spin.js-4.0.0.tgz#d6643232cc20b8d2c1b3ab6f0661178145b4dde8"
  integrity sha512-uJN9Q4/I4I7PRZAp1c5reoY89thAfvFB5thbJncAwkPjPhqCfUrCooJc8GMN8q8WKFGIMy+JMf477RW7deCInA==

website-utilities@*:
  version "1.0.196"
  resolved "https://registry.yarnpkg.com/website-utilities/-/website-utilities-1.0.196.tgz#22519e561c98d2e177e3934fa2466b915bc6bed2"
  integrity sha512-JIIGsqt+Ha5+/C7gyxz6QZlkkBMk2xiFZNRkYfo2xhp99uzeTDo37szlnuya24zuwGlFXufXPUTxbLy33a0Izw==
  dependencies:
    clientnode "*"
    internationalisation "*"
    jquery "*"
    jquery.scrollto "*"
    spin.js "*"
