# THIS IS AN AUTOGENERATED FILE. DO NOT EDIT THIS FILE DIRECTLY.
# yarn lockfile v1


bashlink@*:
  version "1.0.164"
  resolved "https://registry.yarnpkg.com/bashlink/-/bashlink-1.0.164.tgz#c533a866802f27db76cd246fa9542804587fe7c2"
  integrity sha512-DoNZ/RzTPYHECkWPJZqluRH/Fh9BUcwWAnP2uysquiwG5KovMz//OME97Kvr9hkxpFlyXPG3rf77BjJserZD+A==

boostnode@*:
  version "1.0.15"
  resolved "https://registry.yarnpkg.com/boostnode/-/boostnode-1.0.15.tgz#01f8c3ec1cfd224b17a78b6d7aba35fdf2f4e29f"
  integrity sha512-dgrn6kdsN6NLq7KvmzPLYJOR7x3Tw0z3U+EwPv/JBmm7poFzs2FgEwzgbZKigAyDFxinri6cd4P2Z5nlKKv3xw==

bootstrap@^3.3.7:
  version "3.3.7"
  resolved "https://registry.yarnpkg.com/bootstrap/-/bootstrap-3.3.7.tgz#5a389394549f23330875a3b150656574f8a9eb71"
  integrity sha1-WjiTlFSfIzMIdaOxUGVldPip63E=

clientnode@*:
  version "3.0.160"
  resolved "https://registry.yarnpkg.com/clientnode/-/clientnode-3.0.160.tgz#4d02d920ea13712531188183b9db12aa1a648d45"
  integrity sha512-P3D6/Jh868R4TRFtj3NXREQSl7HTNH6h0wgWUuEriF1r5pCqbmMe52q1OTqfXaVZpz7OJmcorD2dqOg4qGPaeg==
  dependencies:
    colors "*"

colors@*:
  version "1.3.2"
  resolved "https://registry.yarnpkg.com/colors/-/colors-1.3.2.tgz#2df8ff573dfbf255af562f8ce7181d6b971a359b"
  integrity sha512-rhP0JSBGYvpcNQj4s5AdShMeE5ahMop96cTeDl/v9qQQm2fYClE2QXZRi8wLzc+GmXSxdIqqbOIAhyObEXDbfQ==

documentation-website@*:
  version "1.0.178"
  resolved "https://registry.yarnpkg.com/documentation-website/-/documentation-website-1.0.178.tgz#86dda5e37482cd437ea41b74077370f74e7f705d"
  integrity sha512-cHyxziiwODuFBqJd+aVBurKWbZorQ+Le3h01uqTmG5mEuszaeMeDr4vyowolcAlB0HinkFzciH3eMdV9GLGmeQ==
  dependencies:
    boostnode "*"
    bootstrap "^3.3.7"
    website-utilities "*"

internationalisation@*:
  version "1.0.142"
  resolved "https://registry.yarnpkg.com/internationalisation/-/internationalisation-1.0.142.tgz#c2a5cb9c055ff2eac3d123582e407ca35b4efe3e"
  integrity sha512-qJSasSPhBeIcCuotX/TTKORKB6SpvqMutwXn9zvZxpz+DSIpLIWexyd8qQ7cekFpv6aGP97dMsV9Mn7l8meoeQ==

jquery.scrollto@*:
  version "2.1.2"
  resolved "https://registry.yarnpkg.com/jquery.scrollto/-/jquery.scrollto-2.1.2.tgz#e7580d9c7ac46ef5bb25319483f6f45713fd7c6c"
  integrity sha1-51gNnHrEbvW7JTGUg/b0VxP9fGw=
  dependencies:
    jquery ">=1.8"

jquery@*, jquery@>=1.8:
  version "3.3.1"
  resolved "https://registry.yarnpkg.com/jquery/-/jquery-3.3.1.tgz#958ce29e81c9790f31be7792df5d4d95fc57fbca"
  integrity sha512-Ubldcmxp5np52/ENotGxlLe6aGMvmF4R8S6tZjsP6Knsaxd/xp3Zrh50cG93lR6nPXyUFwzN3ZSOQI0wRJNdGg==

shellcheck@*:
  version "0.1.0"
  resolved "https://registry.yarnpkg.com/shellcheck/-/shellcheck-0.1.0.tgz#2f573383214b0f24d44fa4e61cfadb6183066815"
  integrity sha512-/ACVouhFqVnwU2x1GxVicxvplOu9QeWihJIMApkVbdYmvbl1iTf2rSo/dXzDDadF8n+zbqYn3v981LUvMj86OA==

spin.js@*:
  version "4.0.0"
  resolved "https://registry.yarnpkg.com/spin.js/-/spin.js-4.0.0.tgz#d6643232cc20b8d2c1b3ab6f0661178145b4dde8"
  integrity sha512-uJN9Q4/I4I7PRZAp1c5reoY89thAfvFB5thbJncAwkPjPhqCfUrCooJc8GMN8q8WKFGIMy+JMf477RW7deCInA==

website-utilities@*:
  version "1.0.158"
  resolved "https://registry.yarnpkg.com/website-utilities/-/website-utilities-1.0.158.tgz#3b5f447394b80eef4a77070e5a97abc0da9df23f"
  integrity sha512-WZOSfxlrWQoXlT++pzibkKzjqgKFbWDDHdUEqkB/0qHE7amIKKjkGgkZB2KxpJydj4NFsRhSdK3e+iN7zyHJ4A==
  dependencies:
    clientnode "*"
    internationalisation "*"
    jquery "*"
    jquery.scrollto "*"
    spin.js "*"
